// !$*UTF8*$!
{
	archiveVersion = 1;
	classes = {
	};
	objectVersion = 46;
	objects = {

/* Begin PBXBuildFile section */
		54BC85021AE022A2002116E5 /* AppDelegate.swift in Sources */ = {isa = PBXBuildFile; fileRef = 54BC85011AE022A2002116E5 /* AppDelegate.swift */; };
		54BC85071AE022A2002116E5 /* Main.storyboard in Resources */ = {isa = PBXBuildFile; fileRef = 54BC85051AE022A2002116E5 /* Main.storyboard */; };
		54BC85091AE022A2002116E5 /* Images.xcassets in Resources */ = {isa = PBXBuildFile; fileRef = 54BC85081AE022A2002116E5 /* Images.xcassets */; };
		54BC850C1AE022A2002116E5 /* LaunchScreen.xib in Resources */ = {isa = PBXBuildFile; fileRef = 54BC850A1AE022A2002116E5 /* LaunchScreen.xib */; };
		54BC85181AE022A2002116E5 /* SwipeablePageViewTests.swift in Sources */ = {isa = PBXBuildFile; fileRef = 54BC85171AE022A2002116E5 /* SwipeablePageViewTests.swift */; };
		54F93DAA1AE1082600112F48 /* MGSwipeablePageView.swift in Sources */ = {isa = PBXBuildFile; fileRef = 54F93DA91AE1082600112F48 /* MGSwipeablePageView.swift */; };
		54F93DB01AE111AD00112F48 /* MGSwipeableViewController.swift in Sources */ = {isa = PBXBuildFile; fileRef = 54F93DAE1AE111AD00112F48 /* MGSwipeableViewController.swift */; };
		54F93DB11AE111AD00112F48 /* MGSwipeableViewController.xib in Resources */ = {isa = PBXBuildFile; fileRef = 54F93DAF1AE111AD00112F48 /* MGSwipeableViewController.xib */; };
		54F93DB31AE115BF00112F48 /* MGSwipeablePageHeader.swift in Sources */ = {isa = PBXBuildFile; fileRef = 54F93DB21AE115BF00112F48 /* MGSwipeablePageHeader.swift */; };
		54F93DB61AE1186500112F48 /* ExampleViewController.swift in Sources */ = {isa = PBXBuildFile; fileRef = 54F93DB41AE1186500112F48 /* ExampleViewController.swift */; };
		54F93DB71AE1186500112F48 /* ExampleViewController.xib in Resources */ = {isa = PBXBuildFile; fileRef = 54F93DB51AE1186500112F48 /* ExampleViewController.xib */; };
/* End PBXBuildFile section */

/* Begin PBXContainerItemProxy section */
		54BC85121AE022A2002116E5 /* PBXContainerItemProxy */ = {
			isa = PBXContainerItemProxy;
			containerPortal = 54BC84F41AE022A2002116E5 /* Project object */;
			proxyType = 1;
			remoteGlobalIDString = 54BC84FB1AE022A2002116E5;
			remoteInfo = SwipeablePageView;
		};
/* End PBXContainerItemProxy section */

/* Begin PBXFileReference section */
		54BC84FC1AE022A2002116E5 /* SwipeablePageView.app */ = {isa = PBXFileReference; explicitFileType = wrapper.application; includeInIndex = 0; path = SwipeablePageView.app; sourceTree = BUILT_PRODUCTS_DIR; };
		54BC85001AE022A2002116E5 /* Info.plist */ = {isa = PBXFileReference; lastKnownFileType = text.plist.xml; path = Info.plist; sourceTree = "<group>"; };
		54BC85011AE022A2002116E5 /* AppDelegate.swift */ = {isa = PBXFileReference; lastKnownFileType = sourcecode.swift; path = AppDelegate.swift; sourceTree = "<group>"; };
		54BC85061AE022A2002116E5 /* Base */ = {isa = PBXFileReference; lastKnownFileType = file.storyboard; name = Base; path = Base.lproj/Main.storyboard; sourceTree = "<group>"; };
		54BC85081AE022A2002116E5 /* Images.xcassets */ = {isa = PBXFileReference; lastKnownFileType = folder.assetcatalog; path = Images.xcassets; sourceTree = "<group>"; };
		54BC850B1AE022A2002116E5 /* Base */ = {isa = PBXFileReference; lastKnownFileType = file.xib; name = Base; path = Base.lproj/LaunchScreen.xib; sourceTree = "<group>"; };
		54BC85111AE022A2002116E5 /* SwipeablePageViewTests.xctest */ = {isa = PBXFileReference; explicitFileType = wrapper.cfbundle; includeInIndex = 0; path = SwipeablePageViewTests.xctest; sourceTree = BUILT_PRODUCTS_DIR; };
		54BC85161AE022A2002116E5 /* Info.plist */ = {isa = PBXFileReference; lastKnownFileType = text.plist.xml; path = Info.plist; sourceTree = "<group>"; };
		54BC85171AE022A2002116E5 /* SwipeablePageViewTests.swift */ = {isa = PBXFileReference; lastKnownFileType = sourcecode.swift; path = SwipeablePageViewTests.swift; sourceTree = "<group>"; };
		54F93DA91AE1082600112F48 /* MGSwipeablePageView.swift */ = {isa = PBXFileReference; fileEncoding = 4; lastKnownFileType = sourcecode.swift; name = MGSwipeablePageView.swift; path = MGSwipeablePageView/MGSwipeablePageView.swift; sourceTree = "<group>"; };
		54F93DAE1AE111AD00112F48 /* MGSwipeableViewController.swift */ = {isa = PBXFileReference; fileEncoding = 4; lastKnownFileType = sourcecode.swift; name = MGSwipeableViewController.swift; path = MGSwipeablePageView/MGSwipeableViewController.swift; sourceTree = "<group>"; };
		54F93DAF1AE111AD00112F48 /* MGSwipeableViewController.xib */ = {isa = PBXFileReference; fileEncoding = 4; lastKnownFileType = file.xib; name = MGSwipeableViewController.xib; path = MGSwipeablePageView/MGSwipeableViewController.xib; sourceTree = "<group>"; };
		54F93DB21AE115BF00112F48 /* MGSwipeablePageHeader.swift */ = {isa = PBXFileReference; fileEncoding = 4; lastKnownFileType = sourcecode.swift; name = MGSwipeablePageHeader.swift; path = MGSwipeablePageView/MGSwipeablePageHeader.swift; sourceTree = "<group>"; };
		54F93DB41AE1186500112F48 /* ExampleViewController.swift */ = {isa = PBXFileReference; fileEncoding = 4; lastKnownFileType = sourcecode.swift; name = ExampleViewController.swift; path = Example/ExampleViewController.swift; sourceTree = "<group>"; };
		54F93DB51AE1186500112F48 /* ExampleViewController.xib */ = {isa = PBXFileReference; fileEncoding = 4; lastKnownFileType = file.xib; name = ExampleViewController.xib; path = Example/ExampleViewController.xib; sourceTree = "<group>"; };
/* End PBXFileReference section */

/* Begin PBXFrameworksBuildPhase section */
		54BC84F91AE022A2002116E5 /* Frameworks */ = {
			isa = PBXFrameworksBuildPhase;
			buildActionMask = 2147483647;
			files = (
			);
			runOnlyForDeploymentPostprocessing = 0;
		};
		54BC850E1AE022A2002116E5 /* Frameworks */ = {
			isa = PBXFrameworksBuildPhase;
			buildActionMask = 2147483647;
			files = (
			);
			runOnlyForDeploymentPostprocessing = 0;
		};
/* End PBXFrameworksBuildPhase section */

/* Begin PBXGroup section */
		54BC84F31AE022A2002116E5 = {
			isa = PBXGroup;
			children = (
				54BC84FE1AE022A2002116E5 /* SwipeablePageView */,
				54BC85141AE022A2002116E5 /* SwipeablePageViewTests */,
				54BC84FD1AE022A2002116E5 /* Products */,
			);
			sourceTree = "<group>";
		};
		54BC84FD1AE022A2002116E5 /* Products */ = {
			isa = PBXGroup;
			children = (
				54BC84FC1AE022A2002116E5 /* SwipeablePageView.app */,
				54BC85111AE022A2002116E5 /* SwipeablePageViewTests.xctest */,
			);
			name = Products;
			sourceTree = "<group>";
		};
		54BC84FE1AE022A2002116E5 /* SwipeablePageView */ = {
			isa = PBXGroup;
			children = (
				54BC85241AE023A5002116E5 /* Example */,
				54BC85211AE0235F002116E5 /* MGSwipeableViewController */,
			);
			path = SwipeablePageView;
			sourceTree = "<group>";
		};
		54BC84FF1AE022A2002116E5 /* Supporting Files */ = {
			isa = PBXGroup;
			children = (
				54BC85001AE022A2002116E5 /* Info.plist */,
			);
			name = "Supporting Files";
			sourceTree = "<group>";
		};
		54BC85141AE022A2002116E5 /* SwipeablePageViewTests */ = {
			isa = PBXGroup;
			children = (
				54BC85171AE022A2002116E5 /* SwipeablePageViewTests.swift */,
				54BC85151AE022A2002116E5 /* Supporting Files */,
			);
			path = SwipeablePageViewTests;
			sourceTree = "<group>";
		};
		54BC85151AE022A2002116E5 /* Supporting Files */ = {
			isa = PBXGroup;
			children = (
				54BC85161AE022A2002116E5 /* Info.plist */,
			);
			name = "Supporting Files";
			sourceTree = "<group>";
		};
		54BC85211AE0235F002116E5 /* MGSwipeableViewController */ = {
			isa = PBXGroup;
			children = (
				54F93DAE1AE111AD00112F48 /* MGSwipeableViewController.swift */,
				54F93DAF1AE111AD00112F48 /* MGSwipeableViewController.xib */,
				54F93DA91AE1082600112F48 /* MGSwipeablePageView.swift */,
				54F93DB21AE115BF00112F48 /* MGSwipeablePageHeader.swift */,
			);
			name = MGSwipeableViewController;
			sourceTree = "<group>";
		};
		54BC85241AE023A5002116E5 /* Example */ = {
			isa = PBXGroup;
			children = (
				54BC85011AE022A2002116E5 /* AppDelegate.swift */,
				54F93DB41AE1186500112F48 /* ExampleViewController.swift */,
				54F93DB51AE1186500112F48 /* ExampleViewController.xib */,
				54BC85051AE022A2002116E5 /* Main.storyboard */,
				54BC85081AE022A2002116E5 /* Images.xcassets */,
				54BC850A1AE022A2002116E5 /* LaunchScreen.xib */,
				54BC84FF1AE022A2002116E5 /* Supporting Files */,
			);
			name = Example;
			sourceTree = "<group>";
		};
/* End PBXGroup section */

/* Begin PBXNativeTarget section */
		54BC84FB1AE022A2002116E5 /* SwipeablePageView */ = {
			isa = PBXNativeTarget;
			buildConfigurationList = 54BC851B1AE022A2002116E5 /* Build configuration list for PBXNativeTarget "SwipeablePageView" */;
			buildPhases = (
				54BC84F81AE022A2002116E5 /* Sources */,
				54BC84F91AE022A2002116E5 /* Frameworks */,
				54BC84FA1AE022A2002116E5 /* Resources */,
			);
			buildRules = (
			);
			dependencies = (
			);
			name = SwipeablePageView;
			productName = SwipeablePageView;
			productReference = 54BC84FC1AE022A2002116E5 /* SwipeablePageView.app */;
			productType = "com.apple.product-type.application";
		};
		54BC85101AE022A2002116E5 /* SwipeablePageViewTests */ = {
			isa = PBXNativeTarget;
			buildConfigurationList = 54BC851E1AE022A2002116E5 /* Build configuration list for PBXNativeTarget "SwipeablePageViewTests" */;
			buildPhases = (
				54BC850D1AE022A2002116E5 /* Sources */,
				54BC850E1AE022A2002116E5 /* Frameworks */,
				54BC850F1AE022A2002116E5 /* Resources */,
			);
			buildRules = (
			);
			dependencies = (
				54BC85131AE022A2002116E5 /* PBXTargetDependency */,
			);
			name = SwipeablePageViewTests;
			productName = SwipeablePageViewTests;
			productReference = 54BC85111AE022A2002116E5 /* SwipeablePageViewTests.xctest */;
			productType = "com.apple.product-type.bundle.unit-test";
		};
/* End PBXNativeTarget section */

/* Begin PBXProject section */
		54BC84F41AE022A2002116E5 /* Project object */ = {
			isa = PBXProject;
			attributes = {
				LastUpgradeCheck = 0630;
				ORGANIZATIONNAME = "Michael Green";
				TargetAttributes = {
					54BC84FB1AE022A2002116E5 = {
						CreatedOnToolsVersion = 6.3;
					};
					54BC85101AE022A2002116E5 = {
						CreatedOnToolsVersion = 6.3;
						TestTargetID = 54BC84FB1AE022A2002116E5;
					};
				};
			};
			buildConfigurationList = 54BC84F71AE022A2002116E5 /* Build configuration list for PBXProject "SwipeablePageView" */;
			compatibilityVersion = "Xcode 3.2";
			developmentRegion = English;
			hasScannedForEncodings = 0;
			knownRegions = (
				en,
				Base,
			);
			mainGroup = 54BC84F31AE022A2002116E5;
			productRefGroup = 54BC84FD1AE022A2002116E5 /* Products */;
			projectDirPath = "";
			projectRoot = "";
			targets = (
				54BC84FB1AE022A2002116E5 /* SwipeablePageView */,
				54BC85101AE022A2002116E5 /* SwipeablePageViewTests */,
			);
		};
/* End PBXProject section */

/* Begin PBXResourcesBuildPhase section */
		54BC84FA1AE022A2002116E5 /* Resources */ = {
			isa = PBXResourcesBuildPhase;
			buildActionMask = 2147483647;
			files = (
				54BC85071AE022A2002116E5 /* Main.storyboard in Resources */,
				54F93DB11AE111AD00112F48 /* MGSwipeableViewController.xib in Resources */,
				54BC850C1AE022A2002116E5 /* LaunchScreen.xib in Resources */,
				54BC85091AE022A2002116E5 /* Images.xcassets in Resources */,
				54F93DB71AE1186500112F48 /* ExampleViewController.xib in Resources */,
			);
			runOnlyForDeploymentPostprocessing = 0;
		};
		54BC850F1AE022A2002116E5 /* Resources */ = {
			isa = PBXResourcesBuildPhase;
			buildActionMask = 2147483647;
			files = (
			);
			runOnlyForDeploymentPostprocessing = 0;
		};
/* End PBXResourcesBuildPhase section */

/* Begin PBXSourcesBuildPhase section */
		54BC84F81AE022A2002116E5 /* Sources */ = {
			isa = PBXSourcesBuildPhase;
			buildActionMask = 2147483647;
			files = (
				54F93DB31AE115BF00112F48 /* MGSwipeablePageHeader.swift in Sources */,
				54F93DAA1AE1082600112F48 /* MGSwipeablePageView.swift in Sources */,
				54F93DB01AE111AD00112F48 /* MGSwipeableViewController.swift in Sources */,
				54BC85021AE022A2002116E5 /* AppDelegate.swift in Sources */,
				54F93DB61AE1186500112F48 /* ExampleViewController.swift in Sources */,
			);
			runOnlyForDeploymentPostprocessing = 0;
		};
		54BC850D1AE022A2002116E5 /* Sources */ = {
			isa = PBXSourcesBuildPhase;
			buildActionMask = 2147483647;
			files = (
				54BC85181AE022A2002116E5 /* SwipeablePageViewTests.swift in Sources */,
			);
			runOnlyForDeploymentPostprocessing = 0;
		};
/* End PBXSourcesBuildPhase section */

/* Begin PBXTargetDependency section */
		54BC85131AE022A2002116E5 /* PBXTargetDependency */ = {
			isa = PBXTargetDependency;
			target = 54BC84FB1AE022A2002116E5 /* SwipeablePageView */;
			targetProxy = 54BC85121AE022A2002116E5 /* PBXContainerItemProxy */;
		};
/* End PBXTargetDependency section */

/* Begin PBXVariantGroup section */
		54BC85051AE022A2002116E5 /* Main.storyboard */ = {
			isa = PBXVariantGroup;
			children = (
				54BC85061AE022A2002116E5 /* Base */,
			);
			name = Main.storyboard;
			sourceTree = "<group>";
		};
		54BC850A1AE022A2002116E5 /* LaunchScreen.xib */ = {
			isa = PBXVariantGroup;
			children = (
				54BC850B1AE022A2002116E5 /* Base */,
			);
			name = LaunchScreen.xib;
			sourceTree = "<group>";
		};
/* End PBXVariantGroup section */

/* Begin XCBuildConfiguration section */
		54BC85191AE022A2002116E5 /* Debug */ = {
			isa = XCBuildConfiguration;
			buildSettings = {
				ALWAYS_SEARCH_USER_PATHS = NO;
				CLANG_CXX_LANGUAGE_STANDARD = "gnu++0x";
				CLANG_CXX_LIBRARY = "libc++";
				CLANG_ENABLE_MODULES = YES;
				CLANG_ENABLE_OBJC_ARC = YES;
				CLANG_WARN_BOOL_CONVERSION = YES;
				CLANG_WARN_CONSTANT_CONVERSION = YES;
				CLANG_WARN_DIRECT_OBJC_ISA_USAGE = YES_ERROR;
				CLANG_WARN_EMPTY_BODY = YES;
				CLANG_WARN_ENUM_CONVERSION = YES;
				CLANG_WARN_INT_CONVERSION = YES;
				CLANG_WARN_OBJC_ROOT_CLASS = YES_ERROR;
				CLANG_WARN_UNREACHABLE_CODE = YES;
				CLANG_WARN__DUPLICATE_METHOD_MATCH = YES;
				"CODE_SIGN_IDENTITY[sdk=iphoneos*]" = "iPhone Developer";
				COPY_PHASE_STRIP = NO;
				DEBUG_INFORMATION_FORMAT = "dwarf-with-dsym";
				ENABLE_STRICT_OBJC_MSGSEND = YES;
				GCC_C_LANGUAGE_STANDARD = gnu99;
				GCC_DYNAMIC_NO_PIC = NO;
				GCC_NO_COMMON_BLOCKS = YES;
				GCC_OPTIMIZATION_LEVEL = 0;
				GCC_PREPROCESSOR_DEFINITIONS = (
					"DEBUG=1",
					"$(inherited)",
				);
				GCC_SYMBOLS_PRIVATE_EXTERN = NO;
				GCC_WARN_64_TO_32_BIT_CONVERSION = YES;
				GCC_WARN_ABOUT_RETURN_TYPE = YES_ERROR;
				GCC_WARN_UNDECLARED_SELECTOR = YES;
				GCC_WARN_UNINITIALIZED_AUTOS = YES_AGGRESSIVE;
				GCC_WARN_UNUSED_FUNCTION = YES;
				GCC_WARN_UNUSED_VARIABLE = YES;
				IPHONEOS_DEPLOYMENT_TARGET = 8.3;
				MTL_ENABLE_DEBUG_INFO = YES;
				ONLY_ACTIVE_ARCH = YES;
				SDKROOT = iphoneos;
				SWIFT_OPTIMIZATION_LEVEL = "-Onone";
			};
			name = Debug;
		};
		54BC851A1AE022A2002116E5 /* Release */ = {
			isa = XCBuildConfiguration;
			buildSettings = {
				ALWAYS_SEARCH_USER_PATHS = NO;
				CLANG_CXX_LANGUAGE_STANDARD = "gnu++0x";
				CLANG_CXX_LIBRARY = "libc++";
				CLANG_ENABLE_MODULES = YES;
				CLANG_ENABLE_OBJC_ARC = YES;
				CLANG_WARN_BOOL_CONVERSION = YES;
				CLANG_WARN_CONSTANT_CONVERSION = YES;
				CLANG_WARN_DIRECT_OBJC_ISA_USAGE = YES_ERROR;
				CLANG_WARN_EMPTY_BODY = YES;
				CLANG_WARN_ENUM_CONVERSION = YES;
				CLANG_WARN_INT_CONVERSION = YES;
				CLANG_WARN_OBJC_ROOT_CLASS = YES_ERROR;
				CLANG_WARN_UNREACHABLE_CODE = YES;
				CLANG_WARN__DUPLICATE_METHOD_MATCH = YES;
				"CODE_SIGN_IDENTITY[sdk=iphoneos*]" = "iPhone Developer";
				COPY_PHASE_STRIP = NO;
				DEBUG_INFORMATION_FORMAT = "dwarf-with-dsym";
				ENABLE_NS_ASSERTIONS = NO;
				ENABLE_STRICT_OBJC_MSGSEND = YES;
				GCC_C_LANGUAGE_STANDARD = gnu99;
				GCC_NO_COMMON_BLOCKS = YES;
				GCC_WARN_64_TO_32_BIT_CONVERSION = YES;
				GCC_WARN_ABOUT_RETURN_TYPE = YES_ERROR;
				GCC_WARN_UNDECLARED_SELECTOR = YES;
				GCC_WARN_UNINITIALIZED_AUTOS = YES_AGGRESSIVE;
				GCC_WARN_UNUSED_FUNCTION = YES;
				GCC_WARN_UNUSED_VARIABLE = YES;
				IPHONEOS_DEPLOYMENT_TARGET = 8.3;
				MTL_ENABLE_DEBUG_INFO = NO;
				SDKROOT = iphoneos;
				VALIDATE_PRODUCT = YES;
			};
			name = Release;
		};
		54BC851C1AE022A2002116E5 /* Debug */ = {
			isa = XCBuildConfiguration;
			buildSettings = {
				ASSETCATALOG_COMPILER_APPICON_NAME = AppIcon;
				INFOPLIST_FILE = SwipeablePageView/Info.plist;
				LD_RUNPATH_SEARCH_PATHS = "$(inherited) @executable_path/Frameworks";
				PRODUCT_NAME = "$(TARGET_NAME)";
			};
			name = Debug;
		};
		54BC851D1AE022A2002116E5 /* Release */ = {
			isa = XCBuildConfiguration;
			buildSettings = {
				ASSETCATALOG_COMPILER_APPICON_NAME = AppIcon;
				INFOPLIST_FILE = SwipeablePageView/Info.plist;
				LD_RUNPATH_SEARCH_PATHS = "$(inherited) @executable_path/Frameworks";
				PRODUCT_NAME = "$(TARGET_NAME)";
			};
			name = Release;
		};
		54BC851F1AE022A2002116E5 /* Debug */ = {
			isa = XCBuildConfiguration;
			buildSettings = {
				BUNDLE_LOADER = "$(TEST_HOST)";
				FRAMEWORK_SEARCH_PATHS = (
					"$(SDKROOT)/Developer/Library/Frameworks",
					"$(inherited)",
				);
				GCC_PREPROCESSOR_DEFINITIONS = (
					"DEBUG=1",
					"$(inherited)",
				);
				INFOPLIST_FILE = SwipeablePageViewTests/Info.plist;
				LD_RUNPATH_SEARCH_PATHS = "$(inherited) @executable_path/Frameworks @loader_path/Frameworks";
				PRODUCT_NAME = "$(TARGET_NAME)";
				TEST_HOST = "$(BUILT_PRODUCTS_DIR)/SwipeablePageView.app/SwipeablePageView";
			};
			name = Debug;
		};
		54BC85201AE022A2002116E5 /* Release */ = {
			isa = XCBuildConfiguration;
			buildSettings = {
				BUNDLE_LOADER = "$(TEST_HOST)";
				FRAMEWORK_SEARCH_PATHS = (
					"$(SDKROOT)/Developer/Library/Frameworks",
					"$(inherited)",
				);
				INFOPLIST_FILE = SwipeablePageViewTests/Info.plist;
				LD_RUNPATH_SEARCH_PATHS = "$(inherited) @executable_path/Frameworks @loader_path/Frameworks";
				PRODUCT_NAME = "$(TARGET_NAME)";
				TEST_HOST = "$(BUILT_PRODUCTS_DIR)/SwipeablePageView.app/SwipeablePageView";
			};
			name = Release;
		};
/* End XCBuildConfiguration section */

/* Begin XCConfigurationList section */
		54BC84F71AE022A2002116E5 /* Build configuration list for PBXProject "SwipeablePageView" */ = {
			isa = XCConfigurationList;
			buildConfigurations = (
				54BC85191AE022A2002116E5 /* Debug */,
				54BC851A1AE022A2002116E5 /* Release */,
			);
			defaultConfigurationIsVisible = 0;
			defaultConfigurationName = Release;
		};
		54BC851B1AE022A2002116E5 /* Build configuration list for PBXNativeTarget "SwipeablePageView" */ = {
			isa = XCConfigurationList;
			buildConfigurations = (
				54BC851C1AE022A2002116E5 /* Debug */,
				54BC851D1AE022A2002116E5 /* Release */,
			);
			defaultConfigurationIsVisible = 0;
			defaultConfigurationName = Release;
		};
		54BC851E1AE022A2002116E5 /* Build configuration list for PBXNativeTarget "SwipeablePageViewTests" */ = {
			isa = XCConfigurationList;
			buildConfigurations = (
				54BC851F1AE022A2002116E5 /* Debug */,
				54BC85201AE022A2002116E5 /* Release */,
			);
			defaultConfigurationIsVisible = 0;
			defaultConfigurationName = Release;
		};
/* End XCConfigurationList section */
	};
	rootObject = 54BC84F41AE022A2002116E5 /* Project object */;
}
